
Microsoft Visual Studio Solution File, Format Version 12.00
# Visual Studio Version 17
VisualStudioVersion = 17.8.34330.188
MinimumVisualStudioVersion = 10.0.40219.1
Project("{FAE04EC0-301F-11D3-BF4B-00C04F79EFBC}") = "INF312", "INF312\INF312.csproj", "{6AC89721-A2BB-4896-831B-7C42FBB5D4B4}"
EndProject
Global
	GlobalSection(SolutionConfigurationPlatforms) = preSolution
		Debug|Any CPU = Debug|Any CPU
		Release|Any CPU = Release|Any CPU
	EndGlobalSection
	GlobalSection(ProjectConfigurationPlatforms) = postSolution
		{6AC89721-A2BB-4896-831B-7C42FBB5D4B4}.Debug|Any CPU.ActiveCfg = Debug|Any CPU
		{6AC89721-A2BB-4896-831B-7C42FBB5D4B4}.Debug|Any CPU.Build.0 = Debug|Any CPU
		{6AC89721-A2BB-4896-831B-7C42FBB5D4B4}.Release|Any CPU.ActiveCfg = Release|Any CPU
		{6AC89721-A2BB-4896-831B-7C42FBB5D4B4}.Release|Any CPU.Build.0 = Release|Any CPU
	EndGlobalSection
	GlobalSection(SolutionProperties) = preSolution
		HideSolutionNode = FALSE
	EndGlobalSection
	GlobalSection(ExtensibilityGlobals) = postSolution
		SolutionGuid = {85C7CA2E-EDC1-43B9-9296-6C576840638E}
	EndGlobalSection
EndGlobal
